{
  "nodes": {
    "fenix": {
      "inputs": {
        "nixpkgs": [
          "synergy",
          "flake-checker",
          "nixpkgs"
        ],
        "rust-analyzer-src": "rust-analyzer-src"
      },
      "locked": {
        "lastModified": 1740810935,
        "narHash": "sha256-6RzWfxENGlO73jQb3uQNgOvubUFwvveeIg+PZxhAu6s=",
        "rev": "f44d7c3596ff028ad9f7fcc31d1941ed585f11b3",
        "revCount": 2184,
        "type": "tarball",
        "url": "https://api.flakehub.com/f/pinned/nix-community/fenix/0.1.2184%2Brev-f44d7c3596ff028ad9f7fcc31d1941ed585f11b3/019550c8-7792-7766-8dd2-80fad5595f70/source.tar.gz"
      },
      "original": {
        "type": "tarball",
        "url": "https://flakehub.com/f/nix-community/fenix/0"
      }
    },
    "flake-checker": {
      "inputs": {
        "fenix": "fenix",
        "naersk": "naersk",
        "nixpkgs": [
          "synergy",
          "nixpkgs"
        ]
      },
      "locked": {
        "lastModified": 1755705099,
        "narHash": "sha256-cplH00kJ7hNUlL6gxYqbZJNWOO4PtirZDa75df5JDDg=",
        "owner": "DeterminateSystems",
        "repo": "flake-checker",
        "rev": "1f6afa23ded9f4eda04c968807f79f7a59bf52f2",
        "type": "github"
      },
      "original": {
        "owner": "DeterminateSystems",
        "repo": "flake-checker",
        "type": "github"
      }
    },
    "flake-utils": {
      "locked": {
        "lastModified": 1653893745,
        "narHash": "sha256-0jntwV3Z8//YwuOjzhV2sgJJPt+HY6KhU7VZUL0fKZQ=",
        "owner": "numtide",
        "repo": "flake-utils",
        "rev": "1ed9fb1935d260de5fe1c2f7ee0ebaae17ed2fa1",
        "type": "github"
      },
      "original": {
        "owner": "numtide",
        "repo": "flake-utils",
        "type": "github"
      }
    },
    "haumea": {
      "inputs": {
        "nixpkgs": [
          "synergy",
          "nixpkgs"
        ]
      },
      "locked": {
        "lastModified": 1708375098,
        "narHash": "sha256-DaFJp3wDHgOqx98U0SF57bXaH2Orp106c+jSdPCVu1E=",
        "owner": "nix-community",
        "repo": "haumea",
        "rev": "ec6350fd9353e7f27ce0e85d31f82e3ed73e4d70",
        "type": "github"
      },
      "original": {
        "owner": "nix-community",
        "repo": "haumea",
        "type": "github"
      }
    },
    "naersk": {
      "inputs": {
        "nixpkgs": [
          "synergy",
          "flake-checker",
          "nixpkgs"
        ]
      },
      "locked": {
        "lastModified": 1745925850,
        "narHash": "sha256-cyAAMal0aPrlb1NgzMxZqeN1mAJ2pJseDhm2m6Um8T0=",
        "rev": "38bc60bbc157ae266d4a0c96671c6c742ee17a5f",
        "revCount": 359,
        "type": "tarball",
        "url": "https://api.flakehub.com/f/pinned/nix-community/naersk/0.1.359%2Brev-38bc60bbc157ae266d4a0c96671c6c742ee17a5f/0196814b-3fe7-7501-996a-40369627cec0/source.tar.gz"
      },
      "original": {
        "type": "tarball",
        "url": "https://flakehub.com/f/nix-community/naersk/0"
      }
    },
    "nixago": {
      "inputs": {
        "flake-utils": "flake-utils",
        "nixago-exts": [
          "synergy",
          "nixago-exts"
        ],
        "nixpkgs": [
          "synergy",
          "nixpkgs"
        ]
      },
      "locked": {
        "lastModified": 1746801636,
        "narHash": "sha256-dlcKfIXp/eqFHzFm+DzseXAWWlpVwyk9cTvCKGtVKkw=",
        "owner": "nix-community",
        "repo": "nixago",
        "rev": "8cc33f973ab3a891d8a41391e73ef451a783960b",
        "type": "github"
      },
      "original": {
        "owner": "nix-community",
        "repo": "nixago",
        "type": "github"
      }
    },
    "nixago-exts": {
      "inputs": {
        "flake-utils": [
          "synergy",
          "nixago",
          "flake-utils"
        ],
        "nixago": [
          "synergy",
          "nixago"
        ],
        "nixpkgs": [
          "synergy",
          "nixpkgs"
        ]
      },
      "locked": {
        "lastModified": 1676070308,
        "narHash": "sha256-QaJ65oc2l8iwQIGWUJ0EKjCeSuuCM/LqR8RauxZUUkc=",
        "owner": "nix-community",
        "repo": "nixago-extensions",
        "rev": "e5380cb0456f4ea3c86cf94e3039eb856bf07d0b",
        "type": "github"
      },
      "original": {
        "owner": "nix-community",
        "repo": "nixago-extensions",
        "type": "github"
      }
    },
    "nixpkgs": {
      "locked": {
        "lastModified": 1756159630,
        "narHash": "sha256-ohMvsjtSVdT/bruXf5ClBh8ZYXRmD4krmjKrXhEvwMg=",
        "owner": "NixOS",
        "repo": "nixpkgs",
        "rev": "84c256e42600cb0fdf25763b48d28df2f25a0c8b",
        "type": "github"
      },
      "original": {
        "owner": "NixOS",
        "ref": "nixpkgs-unstable",
        "repo": "nixpkgs",
        "type": "github"
      }
    },
    "root": {
      "inputs": {
        "nixpkgs": "nixpkgs",
        "synergy": "synergy"
      }
    },
    "rust-analyzer-src": {
      "flake": false,
      "locked": {
        "lastModified": 1740737930,
        "narHash": "sha256-2AW/FJQI/i6bbRB/8HR9l9SjxjuiukJpHdMPgwApPKA=",
        "owner": "rust-lang",
        "repo": "rust-analyzer",
        "rev": "fe8444616679f8e50ff9696f4750df1f10e7433d",
        "type": "github"
      },
      "original": {
        "owner": "rust-lang",
        "ref": "nightly",
        "repo": "rust-analyzer",
        "type": "github"
      }
    },
    "synergy": {
      "inputs": {
        "flake-checker": "flake-checker",
        "haumea": "haumea",
        "nixago": "nixago",
        "nixago-exts": "nixago-exts",
        "nixpkgs": [
          "nixpkgs"
        ],
        "treefmt": "treefmt"
      },
      "locked": {
        "lastModified": 1756132339,
        "narHash": "sha256-10TcAh5BEh0AJbb8BveXOEnXNM+mT+1OvxJyGtJ6B5Q=",
        "owner": "krostar",
        "repo": "synergy",
        "rev": "5002d01a32b75a493db0c171f51dc7897986a799",
        "type": "github"
      },
      "original": {
        "owner": "krostar",
        "repo": "synergy",
        "type": "github"
      }
    },
    "treefmt": {
      "inputs": {
        "nixpkgs": [
          "synergy",
          "nixpkgs"
        ]
      },
      "locked": {
        "lastModified": 1755934250,
        "narHash": "sha256-CsDojnMgYsfshQw3t4zjRUkmMmUdZGthl16bXVWgRYU=",
        "owner": "numtide",
        "repo": "treefmt-nix",
        "rev": "74e1a52d5bd9430312f8d1b8b0354c92c17453e5",
        "type": "github"
      },
      "original": {
        "owner": "numtide",
        "repo": "treefmt-nix",
        "type": "github"
      }
    }
  },
  "root": "root",
  "version": 7
}
